<Project xmlns="http://schemas.microsoft.com/developer/msbuild/2003">
  <PropertyGroup>
    <ProjectGuid>{2727f191-22b2-4ab5-9036-7ee3a24c0a2b}</ProjectGuid>
    <MainSource>dbfUtil.dpr</MainSource>
    <Configuration Condition=" '$(Configuration)' == '' ">Debug</Configuration>
    <Platform Condition=" '$(Platform)' == '' ">AnyCPU</Platform>
    <DCC_DCCCompiler>DCC32</DCC_DCCCompiler>
    <DCC_DependencyCheckOutputName>dbfUtil.exe</DCC_DependencyCheckOutputName>
  </PropertyGroup>
  <PropertyGroup Condition=" '$(Configuration)|$(Platform)' == 'Release|AnyCPU' ">
    <Version>7.0</Version>
    <DCC_AssertionsAtRuntime>False</DCC_AssertionsAtRuntime>
    <DCC_DebugInformation>False</DCC_DebugInformation>
    <DCC_LocalDebugSymbols>False</DCC_LocalDebugSymbols>
    <DCC_SymbolReferenceInfo>0</DCC_SymbolReferenceInfo>
    <DCC_Define>RELEASE</DCC_Define>
  </PropertyGroup>
  <PropertyGroup Condition=" '$(Configuration)|$(Platform)' == 'Debug|AnyCPU' ">
    <Version>7.0</Version>
    <DCC_SymbolReferenceInfo>2</DCC_SymbolReferenceInfo>
    <DCC_Define>DEBUG</DCC_Define>
    <DCC_Optimize>False</DCC_Optimize>
    <DCC_UnitSearchPath>$(BDS)\lib\Debug;$(BDS)\Lib\Debug\Indy10</DCC_UnitSearchPath>
    <DCC_ResourcePath>$(BDS)\lib\Debug;$(BDS)\Lib\Debug\Indy10</DCC_ResourcePath>
    <DCC_ObjPath>$(BDS)\lib\Debug;$(BDS)\Lib\Debug\Indy10</DCC_ObjPath>
    <DCC_IncludePath>$(BDS)\lib\Debug;$(BDS)\Lib\Debug\Indy10</DCC_IncludePath>
  </PropertyGroup>
  <ProjectExtensions>
    <Borland.Personality>Delphi.Personality</Borland.Personality>
    <Borland.ProjectType />
    <BorlandProject>
<BorlandProject><Delphi.Personality><Parameters><Parameters Name="UseLauncher">False</Parameters><Parameters Name="LoadAllSymbols">True</Parameters><Parameters Name="LoadUnspecifiedSymbols">False</Parameters></Parameters><VersionInfo><VersionInfo Name="IncludeVerInfo">False</VersionInfo><VersionInfo Name="AutoIncBuild">False</VersionInfo><VersionInfo Name="MajorVer">1</VersionInfo><VersionInfo Name="MinorVer">0</VersionInfo><VersionInfo Name="Release">0</VersionInfo><VersionInfo Name="Build">0</VersionInfo><VersionInfo Name="Debug">False</VersionInfo><VersionInfo Name="PreRelease">False</VersionInfo><VersionInfo Name="Special">False</VersionInfo><VersionInfo Name="Private">False</VersionInfo><VersionInfo Name="DLL">False</VersionInfo><VersionInfo Name="Locale">4105</VersionInfo><VersionInfo Name="CodePage">1252</VersionInfo></VersionInfo><VersionInfoKeys><VersionInfoKeys Name="FileVersion">1.0.0.0</VersionInfoKeys><VersionInfoKeys Name="ProductVersion">1.0.0.0</VersionInfoKeys></VersionInfoKeys><Excluded_Packages>
      
      <Excluded_Packages Name="F:\Documents\bruce\Borland Studio Projects\Bpl\PGP2Comp_D10.bpl">PGP  D10</Excluded_Packages>
    </Excluded_Packages><Source><Source Name="MainSource">dbfUtil.dpr</Source></Source></Delphi.Personality></BorlandProject></BorlandProject>
  </ProjectExtensions>
  <Import Project="$(MSBuildBinPath)\Borland.Delphi.Targets" />
  <ItemGroup>
    <DelphiCompile Include="dbfUtil.dpr">
      <MainSource>MainSource</MainSource>
    </DelphiCompile>
    <DCCReference Include="dbfAboutBox.pas">
      <Form>frmAboutBox</Form>
    </DCCReference>
    <DCCReference Include="dbfBackLinkDisplay.pas">
      <Form>frmBackLink</Form>
    </DCCReference>
    <DCCReference Include="dbfBadFieldView.pas">
      <Form>fmBadFieldView</Form>
    </DCCReference>
    <DCCReference Include="dbfBMPMemoDisplay.pas">
      <Form>fmBMPMemoDisplay</Form>
    </DCCReference>
    <DCCReference Include="dbfCommon.pas" />
    <DCCReference Include="dbfConstant.pas" />
    <DCCReference Include="dbfConvert.pas">
      <Form>ConvertFileForm</Form>
    </DCCReference>
    <DCCReference Include="dbfConvertFixDBV.pas">
      <Form>frmConvertFixDBV</Form>
    </DCCReference>
    <DCCReference Include="dbfCreate.pas" />
    <DCCReference Include="dbfCreateFile.pas">
      <Form>fmCreateFile</Form>
    </DCCReference>
    <DCCReference Include="dbfDataGrid.pas">
      <Form>frmDataGrid</Form>
    </DCCReference>
    <DCCReference Include="dbfExport.pas">
      <Form>frmExport</Form>
    </DCCReference>
    <DCCReference Include="dbfFieldEdit.pas">
      <Form>fmFieldEdit</Form>
    </DCCReference>
    <DCCReference Include="dbfFieldHexView.pas">
      <Form>fmFieldHexView</Form>
    </DCCReference>
    <DCCReference Include="dbfFieldView.pas">
      <Form>fmViewField</Form>
    </DCCReference>
    <DCCReference Include="dbfFixedMemoDisplay.pas">
      <Form>frmFixedMemo</Form>
    </DCCReference>
    <DCCReference Include="dbfFixedMemoHexDisplay.pas">
      <Form>frmFixedMemoHex</Form>
    </DCCReference>
    <DCCReference Include="dbfFixFields.pas">
      <Form>fmFixFields</Form>
    </DCCReference>
    <DCCReference Include="dbfHeaderEdit.pas">
      <Form>frmHeaderEdit</Form>
    </DCCReference>
    <DCCReference Include="dbfMain.pas">
      <Form>frmMainDBF</Form>
    </DCCReference>
    <DCCReference Include="dbfMemoFileDisplay.pas" />
    <DCCReference Include="dbfMsgs.pas" />
    <DCCReference Include="dbfOptions.pas">
      <Form>fmOptions</Form>
    </DCCReference>
    <DCCReference Include="dbfRecordDisplay.pas">
      <Form>frmRecordDisplay</Form>
    </DCCReference>
    <DCCReference Include="dbfRepairHeader.pas">
      <Form>frmRepairHeader</Form>
    </DCCReference>
    <DCCReference Include="dbfRepairRecords.pas">
      <Form>frmRepairRecords</Form>
    </DCCReference>
    <DCCReference Include="dbfResources.pas" />
    <DCCReference Include="dbfRestructure.pas">
      <Form>frmRestructure</Form>
    </DCCReference>
    <DCCReference Include="dbfRestructureDBF.pas">
      <Form>frmRestructureDBF</Form>
    </DCCReference>
    <DCCReference Include="dbfScanFields.pas">
      <Form>frmScanFields</Form>
    </DCCReference>
    <DCCReference Include="dbfScanFieldsMaxMin.pas" />
    <DCCReference Include="dbfScanInfoDBV.pas">
      <Form>frmScanInfoDBV</Form>
    </DCCReference>
    <DCCReference Include="dbfStatistics.pas">
      <Form>fmStatistics</Form>
    </DCCReference>
    <DCCReference Include="dbfStructure.pas" />
    <DCCReference Include="dbfStructurePrint.pas">
      <Form>frmStrucPrint</Form>
    </DCCReference>
    <DCCReference Include="dbfValidateFile.pas">
      <Form>frmValidateFile</Form>
    </DCCReference>
    <DCCReference Include="dbfViewMemo.pas">
      <Form>MemoDisplayForm</Form>
    </DCCReference>
  </ItemGroup>
</Project>